
Microsoft Visual Studio Solution File, Format Version 12.00
# Visual Studio Version 17
VisualStudioVersion = 17.10.35122.118
MinimumVisualStudioVersion = 10.0.40219.1
Project("{FAE04EC0-301F-11D3-BF4B-00C04F79EFBC}") = "ERPWebAPI", "ERPWebAPI\ERPWebAPI.csproj", "{449350CE-DF0C-44E6-B28D-9CDCD76963CC}"
EndProject
Global
	GlobalSection(SolutionConfigurationPlatforms) = preSolution
		Debug|Any CPU = Debug|Any CPU
		Release|Any CPU = Release|Any CPU
	EndGlobalSection
	GlobalSection(ProjectConfigurationPlatforms) = postSolution
		{449350CE-DF0C-44E6-B28D-9CDCD76963CC}.Debug|Any CPU.ActiveCfg = Debug|Any CPU
		{449350CE-DF0C-44E6-B28D-9CDCD76963CC}.Debug|Any CPU.Build.0 = Debug|Any CPU
		{449350CE-DF0C-44E6-B28D-9CDCD76963CC}.Release|Any CPU.ActiveCfg = Release|Any CPU
		{449350CE-DF0C-44E6-B28D-9CDCD76963CC}.Release|Any CPU.Build.0 = Release|Any CPU
	EndGlobalSection
	GlobalSection(SolutionProperties) = preSolution
		HideSolutionNode = FALSE
	EndGlobalSection
	GlobalSection(ExtensibilityGlobals) = postSolution
		SolutionGuid = {85C5AE56-426D-4A16-83DF-B8771AB4CF5D}
	EndGlobalSection
EndGlobal
